
Microsoft Visual Studio Solution File, Format Version 12.00
# Visual Studio Version 17
VisualStudioVersion = 17.14.36915.13 d17.14
MinimumVisualStudioVersion = 10.0.40219.1
Project("{FAE04EC0-301F-11D3-BF4B-00C04F79EFBC}") = "Prueba", "Prueba.csproj", "{47EA1E88-94E5-4EFD-A743-F9F36775468D}"
EndProject
Global
	GlobalSection(SolutionConfigurationPlatforms) = preSolution
		Debug|Any CPU = Debug|Any CPU
		Release|Any CPU = Release|Any CPU
	EndGlobalSection
	GlobalSection(ProjectConfigurationPlatforms) = postSolution
		{47EA1E88-94E5-4EFD-A743-F9F36775468D}.Debug|Any CPU.ActiveCfg = Debug|Any CPU
		{47EA1E88-94E5-4EFD-A743-F9F36775468D}.Debug|Any CPU.Build.0 = Debug|Any CPU
		{47EA1E88-94E5-4EFD-A743-F9F36775468D}.Release|Any CPU.ActiveCfg = Release|Any CPU
		{47EA1E88-94E5-4EFD-A743-F9F36775468D}.Release|Any CPU.Build.0 = Release|Any CPU
	EndGlobalSection
	GlobalSection(SolutionProperties) = preSolution
		HideSolutionNode = FALSE
	EndGlobalSection
	GlobalSection(ExtensibilityGlobals) = postSolution
		SolutionGuid = {A0FF75C9-3C24-4568-9599-7B6B3FB12158}
	EndGlobalSection
EndGlobal
